
Microsoft Visual Studio Solution File, Format Version 12.00
# Visual Studio 15
VisualStudioVersion = 15.0.28307.645
MinimumVisualStudioVersion = 10.0.40219.1
Project("{159641D6-6404-4A2A-AE62-294DE0FE8301}") = "FniteSSIS", "FniteSSIS\FniteSSIS.dtproj", "{D4D56F43-224B-44B6-9552-5773F6BAB3D9}"
EndProject
Global
	GlobalSection(SolutionConfigurationPlatforms) = preSolution
		Development|Default = Development|Default
	EndGlobalSection
	GlobalSection(ProjectConfigurationPlatforms) = postSolution
		{D4D56F43-224B-44B6-9552-5773F6BAB3D9}.Development|Default.ActiveCfg = Development
		{D4D56F43-224B-44B6-9552-5773F6BAB3D9}.Development|Default.Build.0 = Development
	EndGlobalSection
	GlobalSection(SolutionProperties) = preSolution
		HideSolutionNode = FALSE
	EndGlobalSection
	GlobalSection(ExtensibilityGlobals) = postSolution
		SolutionGuid = {9EDCB9F1-8A14-4434-A256-DFD21EED8C1D}
	EndGlobalSection
EndGlobal
